
Microsoft Visual Studio Solution File, Format Version 12.00
# Visual Studio Version 17
VisualStudioVersion = 17.8.34322.80
MinimumVisualStudioVersion = 10.0.40219.1
Project("{FAE04EC0-301F-11D3-BF4B-00C04F79EFBC}") = "clientejwt", "clientejwt\clientejwt.csproj", "{F33AD97D-1190-46D0-9920-B15869593CAA}"
EndProject
Global
	GlobalSection(SolutionConfigurationPlatforms) = preSolution
		Debug|Any CPU = Debug|Any CPU
		Release|Any CPU = Release|Any CPU
	EndGlobalSection
	GlobalSection(ProjectConfigurationPlatforms) = postSolution
		{F33AD97D-1190-46D0-9920-B15869593CAA}.Debug|Any CPU.ActiveCfg = Debug|Any CPU
		{F33AD97D-1190-46D0-9920-B15869593CAA}.Debug|Any CPU.Build.0 = Debug|Any CPU
		{F33AD97D-1190-46D0-9920-B15869593CAA}.Release|Any CPU.ActiveCfg = Release|Any CPU
		{F33AD97D-1190-46D0-9920-B15869593CAA}.Release|Any CPU.Build.0 = Release|Any CPU
	EndGlobalSection
	GlobalSection(SolutionProperties) = preSolution
		HideSolutionNode = FALSE
	EndGlobalSection
	GlobalSection(ExtensibilityGlobals) = postSolution
		SolutionGuid = {C67BABFA-498C-4012-A444-806AB906A8AE}
	EndGlobalSection
EndGlobal
